
Microsoft Visual Studio Solution File, Format Version 12.00
# Visual Studio Version 16
VisualStudioVersion = 16.0.31702.278
MinimumVisualStudioVersion = 10.0.40219.1
Project("{FAE04EC0-301F-11D3-BF4B-00C04F79EFBC}") = "GameHeavenAPI", "GameHeavenAPI.csproj", "{9C4B1FE3-1678-433E-8FF5-7072FC4883B4}"
EndProject
Global
	GlobalSection(SolutionConfigurationPlatforms) = preSolution
		Debug|Any CPU = Debug|Any CPU
		Release|Any CPU = Release|Any CPU
	EndGlobalSection
	GlobalSection(ProjectConfigurationPlatforms) = postSolution
		{9C4B1FE3-1678-433E-8FF5-7072FC4883B4}.Debug|Any CPU.ActiveCfg = Debug|Any CPU
		{9C4B1FE3-1678-433E-8FF5-7072FC4883B4}.Debug|Any CPU.Build.0 = Debug|Any CPU
		{9C4B1FE3-1678-433E-8FF5-7072FC4883B4}.Release|Any CPU.ActiveCfg = Release|Any CPU
		{9C4B1FE3-1678-433E-8FF5-7072FC4883B4}.Release|Any CPU.Build.0 = Release|Any CPU
	EndGlobalSection
	GlobalSection(SolutionProperties) = preSolution
		HideSolutionNode = FALSE
	EndGlobalSection
	GlobalSection(ExtensibilityGlobals) = postSolution
		SolutionGuid = {295F9730-CB22-462A-AB80-4221AC9E0E8F}
	EndGlobalSection
EndGlobal
